00d424ea315a642ed53985ed78f58e1f631f966a2112a33277c2686f0d93f401  tools/governance/study_indexer.py
0452b13962512796e522f788179c4864b7018bdf3495ec61c67e17d3473f49e6  tools/governance/drift_guard.py
163e5de05cf8dfb0f4a14c0b84b942b1a70c9ed9f939027803fe2aef1ade8c51  tools/governance/reality_test.py
44362e4df8a100599033e7fbfa0d8c4737b05f739fcc76aaa7075dbf62ae6fcc  tools/governance/preflight_clean_release.py
46490ba78a4ee8cbeca186ad380d6b76a1bf780bacd21bf33061e690ce072ea1  tools/governance/tagger.py
48a3e9c14830ce3b87a030609bf6a41d8c33d13c56e1c2d20c91960400f69937  tools/governance/docmap_sync.py
6498af4f3b68e0971fdc7ac32dadea16034d37b378a8dd5bae49d7eda4c09b7d  tools/governance/semantic_assist.py
88e0af19516eb4eda864bfc6470069089f06be808f2b4f71698cf09717e8d6f1  tools/governance/matrix_generator.py
899c50c3c6fbd184cbcc724a11f275be9029698f2f89ebd5f5b7bf6b38bc1419  tools/governance/claims_evidence.py
f84c48c52203bebcdece10bd5ec689714ec77a65a741ac33bf0542cda5912d9b  tools/governance/docmap_autofix.py
